
Microsoft Visual Studio Solution File, Format Version 12.00
# Visual Studio Version 16
VisualStudioVersion = 16.0.30114.105
MinimumVisualStudioVersion = 10.0.40219.1
Project("{FAE04EC0-301F-11D3-BF4B-00C04F79EFBC}") = "API", "API\API.csproj", "{1CE34B09-89D3-48C0-85EF-E589F10938A8}"
EndProject
Project("{FAE04EC0-301F-11D3-BF4B-00C04F79EFBC}") = "Application", "Application\Application.csproj", "{D9FCE598-B90E-491E-A026-8817D035ECD8}"
EndProject
Project("{FAE04EC0-301F-11D3-BF4B-00C04F79EFBC}") = "Persistence", "Persistence\Persistence.csproj", "{853F44DD-2D20-4F75-AEE4-65568772FAC0}"
EndProject
Project("{FAE04EC0-301F-11D3-BF4B-00C04F79EFBC}") = "Domain", "Domain\Domain.csproj", "{72141C4A-430E-4CFD-A144-62E0017F8893}"
EndProject
Global
	GlobalSection(SolutionConfigurationPlatforms) = preSolution
		Debug|Any CPU = Debug|Any CPU
		Debug|x64 = Debug|x64
		Debug|x86 = Debug|x86
		Release|Any CPU = Release|Any CPU
		Release|x64 = Release|x64
		Release|x86 = Release|x86
	EndGlobalSection
	GlobalSection(SolutionProperties) = preSolution
		HideSolutionNode = FALSE
	EndGlobalSection
	GlobalSection(ProjectConfigurationPlatforms) = postSolution
		{1CE34B09-89D3-48C0-85EF-E589F10938A8}.Debug|Any CPU.ActiveCfg = Debug|Any CPU
		{1CE34B09-89D3-48C0-85EF-E589F10938A8}.Debug|Any CPU.Build.0 = Debug|Any CPU
		{1CE34B09-89D3-48C0-85EF-E589F10938A8}.Debug|x64.ActiveCfg = Debug|Any CPU
		{1CE34B09-89D3-48C0-85EF-E589F10938A8}.Debug|x64.Build.0 = Debug|Any CPU
		{1CE34B09-89D3-48C0-85EF-E589F10938A8}.Debug|x86.ActiveCfg = Debug|Any CPU
		{1CE34B09-89D3-48C0-85EF-E589F10938A8}.Debug|x86.Build.0 = Debug|Any CPU
		{1CE34B09-89D3-48C0-85EF-E589F10938A8}.Release|Any CPU.ActiveCfg = Release|Any CPU
		{1CE34B09-89D3-48C0-85EF-E589F10938A8}.Release|Any CPU.Build.0 = Release|Any CPU
		{1CE34B09-89D3-48C0-85EF-E589F10938A8}.Release|x64.ActiveCfg = Release|Any CPU
		{1CE34B09-89D3-48C0-85EF-E589F10938A8}.Release|x64.Build.0 = Release|Any CPU
		{1CE34B09-89D3-48C0-85EF-E589F10938A8}.Release|x86.ActiveCfg = Release|Any CPU
		{1CE34B09-89D3-48C0-85EF-E589F10938A8}.Release|x86.Build.0 = Release|Any CPU
		{D9FCE598-B90E-491E-A026-8817D035ECD8}.Debug|Any CPU.ActiveCfg = Debug|Any CPU
		{D9FCE598-B90E-491E-A026-8817D035ECD8}.Debug|Any CPU.Build.0 = Debug|Any CPU
		{D9FCE598-B90E-491E-A026-8817D035ECD8}.Debug|x64.ActiveCfg = Debug|Any CPU
		{D9FCE598-B90E-491E-A026-8817D035ECD8}.Debug|x64.Build.0 = Debug|Any CPU
		{D9FCE598-B90E-491E-A026-8817D035ECD8}.Debug|x86.ActiveCfg = Debug|Any CPU
		{D9FCE598-B90E-491E-A026-8817D035ECD8}.Debug|x86.Build.0 = Debug|Any CPU
		{D9FCE598-B90E-491E-A026-8817D035ECD8}.Release|Any CPU.ActiveCfg = Release|Any CPU
		{D9FCE598-B90E-491E-A026-8817D035ECD8}.Release|Any CPU.Build.0 = Release|Any CPU
		{D9FCE598-B90E-491E-A026-8817D035ECD8}.Release|x64.ActiveCfg = Release|Any CPU
		{D9FCE598-B90E-491E-A026-8817D035ECD8}.Release|x64.Build.0 = Release|Any CPU
		{D9FCE598-B90E-491E-A026-8817D035ECD8}.Release|x86.ActiveCfg = Release|Any CPU
		{D9FCE598-B90E-491E-A026-8817D035ECD8}.Release|x86.Build.0 = Release|Any CPU
		{853F44DD-2D20-4F75-AEE4-65568772FAC0}.Debug|Any CPU.ActiveCfg = Debug|Any CPU
		{853F44DD-2D20-4F75-AEE4-65568772FAC0}.Debug|Any CPU.Build.0 = Debug|Any CPU
		{853F44DD-2D20-4F75-AEE4-65568772FAC0}.Debug|x64.ActiveCfg = Debug|Any CPU
		{853F44DD-2D20-4F75-AEE4-65568772FAC0}.Debug|x64.Build.0 = Debug|Any CPU
		{853F44DD-2D20-4F75-AEE4-65568772FAC0}.Debug|x86.ActiveCfg = Debug|Any CPU
		{853F44DD-2D20-4F75-AEE4-65568772FAC0}.Debug|x86.Build.0 = Debug|Any CPU
		{853F44DD-2D20-4F75-AEE4-65568772FAC0}.Release|Any CPU.ActiveCfg = Release|Any CPU
		{853F44DD-2D20-4F75-AEE4-65568772FAC0}.Release|Any CPU.Build.0 = Release|Any CPU
		{853F44DD-2D20-4F75-AEE4-65568772FAC0}.Release|x64.ActiveCfg = Release|Any CPU
		{853F44DD-2D20-4F75-AEE4-65568772FAC0}.Release|x64.Build.0 = Release|Any CPU
		{853F44DD-2D20-4F75-AEE4-65568772FAC0}.Release|x86.ActiveCfg = Release|Any CPU
		{853F44DD-2D20-4F75-AEE4-65568772FAC0}.Release|x86.Build.0 = Release|Any CPU
		{72141C4A-430E-4CFD-A144-62E0017F8893}.Debug|Any CPU.ActiveCfg = Debug|Any CPU
		{72141C4A-430E-4CFD-A144-62E0017F8893}.Debug|Any CPU.Build.0 = Debug|Any CPU
		{72141C4A-430E-4CFD-A144-62E0017F8893}.Debug|x64.ActiveCfg = Debug|Any CPU
		{72141C4A-430E-4CFD-A144-62E0017F8893}.Debug|x64.Build.0 = Debug|Any CPU
		{72141C4A-430E-4CFD-A144-62E0017F8893}.Debug|x86.ActiveCfg = Debug|Any CPU
		{72141C4A-430E-4CFD-A144-62E0017F8893}.Debug|x86.Build.0 = Debug|Any CPU
		{72141C4A-430E-4CFD-A144-62E0017F8893}.Release|Any CPU.ActiveCfg = Release|Any CPU
		{72141C4A-430E-4CFD-A144-62E0017F8893}.Release|Any CPU.Build.0 = Release|Any CPU
		{72141C4A-430E-4CFD-A144-62E0017F8893}.Release|x64.ActiveCfg = Release|Any CPU
		{72141C4A-430E-4CFD-A144-62E0017F8893}.Release|x64.Build.0 = Release|Any CPU
		{72141C4A-430E-4CFD-A144-62E0017F8893}.Release|x86.ActiveCfg = Release|Any CPU
		{72141C4A-430E-4CFD-A144-62E0017F8893}.Release|x86.Build.0 = Release|Any CPU
	EndGlobalSection
EndGlobal
